
Microsoft Visual Studio Solution File, Format Version 12.00
# Visual Studio Version 16
VisualStudioVersion = 16.0.31129.286
MinimumVisualStudioVersion = 10.0.40219.1
Project("{FAE04EC0-301F-11D3-BF4B-00C04F79EFBC}") = "I_Feel_Great", "I_Feel_Great\I_Feel_Great.csproj", "{39F6A1F1-0E82-4394-9CA2-AE6499DD6F1B}"
EndProject
Global
	GlobalSection(SolutionConfigurationPlatforms) = preSolution
		Debug|Any CPU = Debug|Any CPU
		Release|Any CPU = Release|Any CPU
	EndGlobalSection
	GlobalSection(ProjectConfigurationPlatforms) = postSolution
		{39F6A1F1-0E82-4394-9CA2-AE6499DD6F1B}.Debug|Any CPU.ActiveCfg = Debug|Any CPU
		{39F6A1F1-0E82-4394-9CA2-AE6499DD6F1B}.Debug|Any CPU.Build.0 = Debug|Any CPU
		{39F6A1F1-0E82-4394-9CA2-AE6499DD6F1B}.Release|Any CPU.ActiveCfg = Release|Any CPU
		{39F6A1F1-0E82-4394-9CA2-AE6499DD6F1B}.Release|Any CPU.Build.0 = Release|Any CPU
	EndGlobalSection
	GlobalSection(SolutionProperties) = preSolution
		HideSolutionNode = FALSE
	EndGlobalSection
	GlobalSection(ExtensibilityGlobals) = postSolution
		SolutionGuid = {92100DCF-25C5-4FD2-ADC6-1CAA31133D41}
	EndGlobalSection
EndGlobal
